PODS:
  - RACAnimated (0.2.0):
    - RACAnimated/Core (= 0.2.0)
    - ReactiveCocoa (~> 10.0.0)
  - RACAnimated/Core (0.2.0):
    - ReactiveCocoa (~> 10.0.0)
  - ReactiveCocoa (10.0.0):
    - ReactiveSwift (~> 6.0)
  - ReactiveSwift (6.2.1)

DEPENDENCIES:
  - RACAnimated (from `../`)

SPEC REPOS:
  https://github.com/CocoaPods/Specs.git:
    - ReactiveCocoa
    - ReactiveSwift

EXTERNAL SOURCES:
  RACAnimated:
    :path: "../"

SPEC CHECKSUMS:
  RACAnimated: bdefb8419860dbb48fb8059b8e29181ff7d38fd0
  ReactiveCocoa: 6d4c37ba236f5d9a7a55b2172cd09f19ba85f574
  ReactiveSwift: 07ddf579f4eb3ee3bd656214f0461aaf2c0fd639

PODFILE CHECKSUM: 7b1018c247e257e0df64d6af4b5e1c9baa13e7aa

COCOAPODS: 1.9.1
